
Microsoft Visual Studio Solution File, Format Version 12.00
# Visual Studio 15
VisualStudioVersion = 15.0.28307.1082
MinimumVisualStudioVersion = 10.0.40219.1
Project("{FAE04EC0-301F-11D3-BF4B-00C04F79EFBC}") = "MaxFlow_MinCut", "MaxFlow_MinCut\MaxFlow_MinCut.csproj", "{99A28598-AD22-48E2-9956-7E3C478A9BD0}"
EndProject
Global
	GlobalSection(SolutionConfigurationPlatforms) = preSolution
		Debug|Any CPU = Debug|Any CPU
		Release|Any CPU = Release|Any CPU
	EndGlobalSection
	GlobalSection(ProjectConfigurationPlatforms) = postSolution
		{99A28598-AD22-48E2-9956-7E3C478A9BD0}.Debug|Any CPU.ActiveCfg = Debug|Any CPU
		{99A28598-AD22-48E2-9956-7E3C478A9BD0}.Debug|Any CPU.Build.0 = Debug|Any CPU
		{99A28598-AD22-48E2-9956-7E3C478A9BD0}.Release|Any CPU.ActiveCfg = Release|Any CPU
		{99A28598-AD22-48E2-9956-7E3C478A9BD0}.Release|Any CPU.Build.0 = Release|Any CPU
	EndGlobalSection
	GlobalSection(SolutionProperties) = preSolution
		HideSolutionNode = FALSE
	EndGlobalSection
	GlobalSection(ExtensibilityGlobals) = postSolution
		SolutionGuid = {B674990D-A642-489F-ACA3-3945BC08D2CB}
	EndGlobalSection
EndGlobal
